Microsoft Visual Studio Solution File, Format Version 11.00
# Visual Studio 2008

Project("{53C7F3B8-D23C-0E2E-B13A-9AC1AA993BF3}") = "yumi2", "Assembly-CSharp-firstpass.csproj", "{8EFEDF1F-B1A6-A70C-7C1D-7114A4F65629}"
EndProject
Project("{53C7F3B8-D23C-0E2E-B13A-9AC1AA993BF3}") = "yumi2", "Assembly-CSharp.csproj", "{146263F9-C1C2-A0DD-5A59-78151DA6B5BC}"
EndProject
Project("{53C7F3B8-D23C-0E2E-B13A-9AC1AA993BF3}") = "yumi2", "Assembly-CSharp-Editor.csproj", "{39480E29-E211-8405-5478-ECBCBEB7C7E4}"
EndProject
Global
	GlobalSection(SolutionConfigurationPlatforms) = preSolution
		Debug|Any CPU = Debug|Any CPU
		Release|Any CPU = Release|Any CPU
	EndGlobalSection
	GlobalSection(ProjectConfigurationPlatforms) = postSolution
		{8EFEDF1F-B1A6-A70C-7C1D-7114A4F65629}.Debug|Any CPU.ActiveCfg = Debug|Any CPU
		{8EFEDF1F-B1A6-A70C-7C1D-7114A4F65629}.Debug|Any CPU.Build.0 = Debug|Any CPU
		{8EFEDF1F-B1A6-A70C-7C1D-7114A4F65629}.Release|Any CPU.ActiveCfg = Release|Any CPU
		{8EFEDF1F-B1A6-A70C-7C1D-7114A4F65629}.Release|Any CPU.Build.0 = Release|Any CPU
		{146263F9-C1C2-A0DD-5A59-78151DA6B5BC}.Debug|Any CPU.ActiveCfg = Debug|Any CPU
		{146263F9-C1C2-A0DD-5A59-78151DA6B5BC}.Debug|Any CPU.Build.0 = Debug|Any CPU
		{146263F9-C1C2-A0DD-5A59-78151DA6B5BC}.Release|Any CPU.ActiveCfg = Release|Any CPU
		{146263F9-C1C2-A0DD-5A59-78151DA6B5BC}.Release|Any CPU.Build.0 = Release|Any CPU
		{39480E29-E211-8405-5478-ECBCBEB7C7E4}.Debug|Any CPU.ActiveCfg = Debug|Any CPU
		{39480E29-E211-8405-5478-ECBCBEB7C7E4}.Debug|Any CPU.Build.0 = Debug|Any CPU
		{39480E29-E211-8405-5478-ECBCBEB7C7E4}.Release|Any CPU.ActiveCfg = Release|Any CPU
		{39480E29-E211-8405-5478-ECBCBEB7C7E4}.Release|Any CPU.Build.0 = Release|Any CPU
	EndGlobalSection
	GlobalSection(SolutionProperties) = preSolution
		HideSolutionNode = FALSE
	EndGlobalSection
																														GlobalSection(MonoDevelopProperties) = preSolution
		StartupItem = Assembly-CSharp.csproj
		Policies = $0
		$0.TextStylePolicy = $1
		$1.inheritsSet = null
		$1.scope = text/x-csharp
		$0.CSharpFormattingPolicy = $2
		$2.inheritsSet = Mono
		$2.inheritsScope = text/x-csharp
		$2.scope = text/x-csharp
		$0.TextStylePolicy = $3
		$3.FileWidth = 120
		$3.TabWidth = 4
		$3.IndentWidth = 4
		$3.EolMarker = Unix
		$3.inheritsSet = Mono
		$3.inheritsScope = text/plain
		$3.scope = text/plain
	EndGlobalSection

EndGlobal
